
Microsoft Visual Studio Solution File, Format Version 12.00
# Visual Studio Version 16
VisualStudioVersion = 16.0.31105.61
MinimumVisualStudioVersion = 10.0.40219.1
Project("{9A19103F-16F7-4668-BE54-9A1E7A4F7556}") = "IMDB", "IMDB.csproj", "{3E2A89E8-FE68-4796-BFDF-C2AA8F487BA0}"
EndProject
Global
	GlobalSection(SolutionConfigurationPlatforms) = preSolution
		Debug|Any CPU = Debug|Any CPU
		Release|Any CPU = Release|Any CPU
	EndGlobalSection
	GlobalSection(ProjectConfigurationPlatforms) = postSolution
		{3E2A89E8-FE68-4796-BFDF-C2AA8F487BA0}.Debug|Any CPU.ActiveCfg = Debug|Any CPU
		{3E2A89E8-FE68-4796-BFDF-C2AA8F487BA0}.Debug|Any CPU.Build.0 = Debug|Any CPU
		{3E2A89E8-FE68-4796-BFDF-C2AA8F487BA0}.Release|Any CPU.ActiveCfg = Release|Any CPU
		{3E2A89E8-FE68-4796-BFDF-C2AA8F487BA0}.Release|Any CPU.Build.0 = Release|Any CPU
	EndGlobalSection
	GlobalSection(SolutionProperties) = preSolution
		HideSolutionNode = FALSE
	EndGlobalSection
	GlobalSection(ExtensibilityGlobals) = postSolution
		SolutionGuid = {8561DE2F-B386-439A-9961-AA864D9C3F4B}
	EndGlobalSection
EndGlobal
