
Microsoft Visual Studio Solution File, Format Version 12.00
# Visual Studio Version 16
VisualStudioVersion = 16.0.31105.61
MinimumVisualStudioVersion = 10.0.40219.1
Project("{9A19103F-16F7-4668-BE54-9A1E7A4F7556}") = "IMDB", "IMDB.csproj", "{56EB1965-07C3-40E6-AE65-1EB62C178C9F}"
EndProject
Global
	GlobalSection(SolutionConfigurationPlatforms) = preSolution
		Debug|Any CPU = Debug|Any CPU
		Release|Any CPU = Release|Any CPU
	EndGlobalSection
	GlobalSection(ProjectConfigurationPlatforms) = postSolution
		{56EB1965-07C3-40E6-AE65-1EB62C178C9F}.Debug|Any CPU.ActiveCfg = Debug|Any CPU
		{56EB1965-07C3-40E6-AE65-1EB62C178C9F}.Debug|Any CPU.Build.0 = Debug|Any CPU
		{56EB1965-07C3-40E6-AE65-1EB62C178C9F}.Release|Any CPU.ActiveCfg = Release|Any CPU
		{56EB1965-07C3-40E6-AE65-1EB62C178C9F}.Release|Any CPU.Build.0 = Release|Any CPU
	EndGlobalSection
	GlobalSection(SolutionProperties) = preSolution
		HideSolutionNode = FALSE
	EndGlobalSection
	GlobalSection(ExtensibilityGlobals) = postSolution
		SolutionGuid = {B65F88E8-0796-4AFA-A039-13320085DD4A}
	EndGlobalSection
EndGlobal
